
Microsoft Visual Studio Solution File, Format Version 12.00
# Visual Studio Version 17
VisualStudioVersion = 17.3.32825.248
MinimumVisualStudioVersion = 10.0.40219.1
Project("{FAE04EC0-301F-11D3-BF4B-00C04F79EFBC}") = "InventoryManagementSystem", "InventoryManagementSystem.csproj", "{160D423A-ED50-4376-9D29-64462E2EFD7A}"
EndProject
Global
	GlobalSection(SolutionConfigurationPlatforms) = preSolution
		Debug|Any CPU = Debug|Any CPU
		Release|Any CPU = Release|Any CPU
	EndGlobalSection
	GlobalSection(ProjectConfigurationPlatforms) = postSolution
		{160D423A-ED50-4376-9D29-64462E2EFD7A}.Debug|Any CPU.ActiveCfg = Debug|Any CPU
		{160D423A-ED50-4376-9D29-64462E2EFD7A}.Debug|Any CPU.Build.0 = Debug|Any CPU
		{160D423A-ED50-4376-9D29-64462E2EFD7A}.Release|Any CPU.ActiveCfg = Release|Any CPU
		{160D423A-ED50-4376-9D29-64462E2EFD7A}.Release|Any CPU.Build.0 = Release|Any CPU
	EndGlobalSection
	GlobalSection(SolutionProperties) = preSolution
		HideSolutionNode = FALSE
	EndGlobalSection
	GlobalSection(ExtensibilityGlobals) = postSolution
		SolutionGuid = {C9B05513-D82A-429C-862E-7F62108CD169}
	EndGlobalSection
EndGlobal
